#MicroXplorer Configuration settings - do not modify
ADC.ClockPrescaler=ADC_CLOCK_SYNC_PCLK_DIV4
ADC.IPParameters=NbrOfConversion,ClockPrescaler,SamplingTimeCommon1,SamplingTimeCommon2,SelectedChannel
ADC.NbrOfConversion=1
ADC.SamplingTimeCommon1=ADC_SAMPLETIME_160CYCLES_5
ADC.SamplingTimeCommon2=ADC_SAMPLETIME_160CYCLES_5
ADC.SelectedChannel=ADC_CHANNEL_11|ADC_CHANNEL_TEMPSENSOR|ADC_CHANNEL_VREFINT|ADC_CHANNEL_VBAT
CAD.formats=
CAD.pinconfig=
CAD.provider=
File.Version=6
GPIO.groupedBy=Group By Peripherals
I2C1.I2C_Speed_Mode=I2C_Standard
I2C1.IPParameters=Timing,I2C_Speed_Mode
I2C1.Timing=0x20303E5D
IWDG.IPParameters=Prescaler
IWDG.Prescaler=IWDG_PRESCALER_32
KeepUserPlacement=false
LPTIM1.ClockPrescaler=LPTIM_PRESCALER_DIV2
LPTIM1.IPParameters=ClockPrescaler,RepetitionCounter,UpdateMode,OutputPolarity
LPTIM1.OutputPolarity=LPTIM_OUTPUTPOLARITY_HIGH
LPTIM1.RepetitionCounter=16
LPTIM1.UpdateMode=LPTIM_UPDATE_ENDOFPERIOD
Mcu.CPN=STM32WLE5CCU6
Mcu.Family=STM32WL
Mcu.IP0=ADC
Mcu.IP1=ADV_TRACE
Mcu.IP10=SPI2
Mcu.IP11=SUBGHZ
Mcu.IP12=SUBGHZ_PHY
Mcu.IP13=SYS
Mcu.IP14=TIM1
Mcu.IP15=TIM2
Mcu.IP16=TIM16
Mcu.IP17=TIM17
Mcu.IP18=TIMER
Mcu.IP19=TINY_LPM
Mcu.IP2=I2C1
Mcu.IP20=USART2
Mcu.IP3=IWDG
Mcu.IP4=LPTIM1
Mcu.IP5=MISC
Mcu.IP6=NVIC
Mcu.IP7=RCC
Mcu.IP8=RTC
Mcu.IP9=SEQUENCER
Mcu.IPNb=21
Mcu.Name=STM32WLE5CCUx
Mcu.Package=UFQFPN48
Mcu.Pin0=PB3
Mcu.Pin1=PB4
Mcu.Pin10=PA4
Mcu.Pin11=PA5
Mcu.Pin12=PA6
Mcu.Pin13=PA7
Mcu.Pin14=PA8
Mcu.Pin15=PA9
Mcu.Pin16=OSC_IN
Mcu.Pin17=PB0-VDD_TCXO
Mcu.Pin18=PB2
Mcu.Pin19=PB12
Mcu.Pin2=PB5
Mcu.Pin20=PA10
Mcu.Pin21=PA11
Mcu.Pin22=PA12
Mcu.Pin23=PA13
Mcu.Pin24=PC13
Mcu.Pin25=PC14-OSC32_IN
Mcu.Pin26=PC15-OSC32_OUT
Mcu.Pin27=PA14
Mcu.Pin28=PA15
Mcu.Pin29=VP_ADC_TempSens_Input
Mcu.Pin3=PB6
Mcu.Pin30=VP_ADC_Vref_Input
Mcu.Pin31=VP_ADC_Vbat_Input
Mcu.Pin32=VP_ADV_TRACE_VS_ADV_TRACE
Mcu.Pin33=VP_IWDG_VS_IWDG
Mcu.Pin34=VP_LPTIM1_VS_LPTIM_counterModeInternalClock
Mcu.Pin35=VP_MISC_VS_MISC
Mcu.Pin36=VP_RTC_VS_RTC_Activate
Mcu.Pin37=VP_RTC_VS_RTC_Calendar
Mcu.Pin38=VP_RTC_VS_RTC_Alarm_A_Intern
Mcu.Pin39=VP_SEQUENCER_VS_SEQUENCER
Mcu.Pin4=PB7
Mcu.Pin40=VP_SUBGHZ_VS_SUBGHZ
Mcu.Pin41=VP_SUBGHZ_PHY_VS_SubGhzPhy
Mcu.Pin42=VP_SYS_VS_None
Mcu.Pin43=VP_TIM1_VS_ClockSourceINT
Mcu.Pin44=VP_TIM2_VS_ClockSourceINT
Mcu.Pin45=VP_TIM16_VS_ClockSourceINT
Mcu.Pin46=VP_TIM17_VS_ClockSourceINT
Mcu.Pin47=VP_TIMER_VS_TIMER
Mcu.Pin48=VP_TINY_LPM_VS_TINY_LPM
Mcu.Pin5=PB8
Mcu.Pin6=PA0
Mcu.Pin7=PA1
Mcu.Pin8=PA2
Mcu.Pin9=PA3
Mcu.PinsNb=49
Mcu.ThirdPartyNb=0
Mcu.UserConstants=RTC_PREDIV_A,((1<<(15-RTC_N_PREDIV_S))-1);RTC_N_PREDIV_S,10;RTC_PREDIV_S,((1<<RTC_N_PREDIV_S)-1)
Mcu.UserName=STM32WLE5CCUx
MxCube.Version=6.6.1
MxDb.Version=DB.6.0.60
NVIC.BusFault_IRQn=true\:0\:0\:false\:false\:true\:false\:false\:false
NVIC.DebugMonitor_IRQn=true\:0\:0\:false\:false\:true\:false\:false\:false
NVIC.EXTI0_IRQn=true\:0\:0\:false\:false\:true\:true\:true\:true
NVIC.EXTI4_IRQn=true\:0\:0\:false\:false\:true\:true\:true\:true
NVIC.EXTI9_5_IRQn=true\:0\:0\:false\:false\:true\:true\:true\:true
NVIC.ForceEnableDMAVector=true
NVIC.HardFault_IRQn=true\:0\:0\:false\:false\:true\:false\:false\:false
NVIC.MemoryManagement_IRQn=true\:0\:0\:false\:false\:true\:false\:false\:false
NVIC.NonMaskableInt_IRQn=true\:0\:0\:false\:false\:true\:false\:false\:false
NVIC.PendSV_IRQn=true\:0\:0\:false\:false\:true\:false\:false\:false
NVIC.PriorityGroup=NVIC_PRIORITYGROUP_4
NVIC.RTC_Alarm_IRQn=true\:0\:0\:false\:false\:true\:true\:true\:true
NVIC.SUBGHZ_Radio_IRQn=true\:0\:0\:false\:false\:true\:true\:true\:true
NVIC.SVCall_IRQn=true\:0\:0\:false\:false\:true\:false\:false\:false
NVIC.SysTick_IRQn=true\:0\:0\:true\:false\:true\:false\:false\:false
NVIC.TAMP_STAMP_LSECSS_SSRU_IRQn=true\:0\:0\:false\:false\:true\:true\:true\:true
NVIC.TIM16_IRQn=true\:0\:0\:false\:false\:true\:true\:true\:true
NVIC.TIM17_IRQn=true\:0\:0\:false\:false\:true\:true\:true\:true
NVIC.TIM1_UP_IRQn=true\:0\:0\:false\:false\:true\:true\:true\:true
NVIC.TIM2_IRQn=true\:0\:0\:false\:false\:true\:true\:true\:true
NVIC.TimeBase=None
NVIC.UsageFault_IRQn=true\:0\:0\:false\:false\:true\:false\:false\:false
OSC_IN.Locked=true
OSC_IN.Mode=HSE-TCXO
OSC_IN.Signal=RCC_OSC_IN
PA0.GPIOParameters=GPIO_PuPd,GPIO_Label,GPIO_ModeDefaultEXTI
PA0.GPIO_Label=BTN_2
PA0.GPIO_ModeDefaultEXTI=GPIO_MODE_IT_FALLING
PA0.GPIO_PuPd=GPIO_PULLUP
PA0.Locked=true
PA0.Signal=GPXTI0
PA1.GPIOParameters=GPIO_Speed,PinState,GPIO_PuPd,GPIO_Label,GPIO_ModeDefaultOutputPP
PA1.GPIO_Label=GPS_EN
PA1.GPIO_ModeDefaultOutputPP=GPIO_MODE_OUTPUT_OD
PA1.GPIO_PuPd=GPIO_PULLUP
PA1.GPIO_Speed=GPIO_SPEED_FREQ_LOW
PA1.Locked=true
PA1.PinState=GPIO_PIN_SET
PA1.Signal=GPIO_Output
PA10.GPIOParameters=GPIO_Speed
PA10.GPIO_Speed=GPIO_SPEED_FREQ_LOW
PA10.Locked=true
PA10.Mode=TX_Only_Simplex_Unidirect_Master
PA10.Signal=SPI2_MOSI
PA11.GPIOParameters=GPIO_Label
PA11.GPIO_Label=DC
PA11.Locked=true
PA11.Signal=GPIO_Output
PA12.GPIOParameters=GPIO_Label
PA12.GPIO_Label=RST
PA12.Locked=true
PA12.Signal=GPIO_Output
PA13.Locked=true
PA13.Signal=DEBUG_JTMS-SWDIO
PA14.Locked=true
PA14.Signal=DEBUG_JTCK-SWCLK
PA15.GPIOParameters=GPIO_Label
PA15.GPIO_Label=BATT
PA15.Locked=true
PA15.Mode=IN11
PA15.Signal=ADC_IN11
PA2.GPIOParameters=GPIO_Speed,GPIO_PuPd
PA2.GPIO_PuPd=GPIO_PULLUP
PA2.GPIO_Speed=GPIO_SPEED_FREQ_LOW
PA2.Mode=Asynchronous
PA2.Signal=USART2_TX
PA3.GPIOParameters=GPIO_Speed,GPIO_PuPd
PA3.GPIO_PuPd=GPIO_PULLUP
PA3.GPIO_Speed=GPIO_SPEED_FREQ_LOW
PA3.Mode=Asynchronous
PA3.Signal=USART2_RX
PA4.GPIOParameters=GPIO_PuPd,GPIO_Label,GPIO_ModeDefaultEXTI
PA4.GPIO_Label=PPS
PA4.GPIO_ModeDefaultEXTI=GPIO_MODE_IT_RISING
PA4.GPIO_PuPd=GPIO_PULLDOWN
PA4.Locked=true
PA4.Signal=GPXTI4
PA5.GPIOParameters=GPIO_PuPd,GPIO_Label,GPIO_ModeDefaultEXTI
PA5.GPIO_Label=BTN_3
PA5.GPIO_ModeDefaultEXTI=GPIO_MODE_IT_FALLING
PA5.GPIO_PuPd=GPIO_PULLUP
PA5.Locked=true
PA5.Signal=GPXTI5
PA6.GPIOParameters=GPIO_Speed,GPIO_Label
PA6.GPIO_Label=RF_CTRL2
PA6.GPIO_Speed=GPIO_SPEED_FREQ_VERY_HIGH
PA6.Locked=true
PA6.Signal=GPIO_Output
PA7.GPIOParameters=GPIO_Speed,GPIO_Label
PA7.GPIO_Label=RF_CTRL1
PA7.GPIO_Speed=GPIO_SPEED_FREQ_VERY_HIGH
PA7.Locked=true
PA7.Signal=GPIO_Output
PA8.GPIOParameters=GPIO_Speed
PA8.GPIO_Speed=GPIO_SPEED_FREQ_LOW
PA8.Locked=true
PA8.Mode=TX_Only_Simplex_Unidirect_Master
PA8.Signal=SPI2_SCK
PA9.GPIOParameters=GPIO_Label
PA9.GPIO_Label=CS
PA9.Locked=true
PA9.Signal=GPIO_Output
PB0-VDD_TCXO.Locked=true
PB0-VDD_TCXO.Mode=HSE-TCXO
PB0-VDD_TCXO.Signal=VDDTCXO
PB12.GPIOParameters=PinState,GPIO_PuPd,GPIO_Label,GPIO_ModeDefaultOutputPP
PB12.GPIO_Label=LED_B
PB12.GPIO_ModeDefaultOutputPP=GPIO_MODE_OUTPUT_OD
PB12.GPIO_PuPd=GPIO_PULLUP
PB12.Locked=true
PB12.PinState=GPIO_PIN_RESET
PB12.Signal=GPIO_Output
PB2.Locked=true
PB2.Mode=WaveformGeneration
PB2.Signal=LPTIM1_OUT
PB3.GPIOParameters=PinState,GPIO_PuPd,GPIO_Label,GPIO_ModeDefaultOutputPP
PB3.GPIO_Label=LED_W
PB3.GPIO_ModeDefaultOutputPP=GPIO_MODE_OUTPUT_OD
PB3.GPIO_PuPd=GPIO_PULLUP
PB3.Locked=true
PB3.PinState=GPIO_PIN_RESET
PB3.Signal=GPIO_Output
PB4.GPIOParameters=GPIO_PuPd,GPIO_Label,GPIO_ModeDefaultOutputPP
PB4.GPIO_Label=BUZZ
PB4.GPIO_ModeDefaultOutputPP=GPIO_MODE_OUTPUT_OD
PB4.GPIO_PuPd=GPIO_PULLUP
PB4.Locked=true
PB4.Signal=GPIO_Output
PB5.GPIOParameters=GPIO_PuPd,GPIO_Label,GPIO_ModeDefaultOutputPP
PB5.GPIO_Label=LED_R
PB5.GPIO_ModeDefaultOutputPP=GPIO_MODE_OUTPUT_OD
PB5.GPIO_PuPd=GPIO_PULLUP
PB5.Locked=true
PB5.Signal=GPIO_Output
PB6.GPIOParameters=GPIO_Pu
PB6.GPIO_Pu=GPIO_PULLUP
PB6.Locked=true
PB6.Mode=I2C
PB6.Signal=I2C1_SCL
PB7.GPIOParameters=GPIO_Pu
PB7.GPIO_Pu=GPIO_PULLUP
PB7.Locked=true
PB7.Mode=I2C
PB7.Signal=I2C1_SDA
PB8.GPIOParameters=GPIO_PuPd,GPIO_Label,GPIO_ModeDefaultEXTI
PB8.GPIO_Label=BTN_1
PB8.GPIO_ModeDefaultEXTI=GPIO_MODE_IT_FALLING
PB8.GPIO_PuPd=GPIO_PULLUP
PB8.Locked=true
PB8.Signal=GPXTI8
PC13.GPIOParameters=PinState,GPIO_PuPd,GPIO_Label,GPIO_ModeDefaultOutputPP
PC13.GPIO_Label=HOLD
PC13.GPIO_ModeDefaultOutputPP=GPIO_MODE_OUTPUT_PP
PC13.GPIO_PuPd=GPIO_NOPULL
PC13.Locked=true
PC13.PinState=GPIO_PIN_RESET
PC13.Signal=GPIO_Output
PC14-OSC32_IN.Mode=LSE-External-Oscillator
PC14-OSC32_IN.Signal=RCC_OSC32_IN
PC15-OSC32_OUT.Mode=LSE-External-Oscillator
PC15-OSC32_OUT.Signal=RCC_OSC32_OUT
PCC.SUBGHZ.FrequencyBand=High
PCC.SUBGHZ.Modulation=LORA
PCC.SUBGHZ.OptionalSettings=true
PCC.SUBGHZ.Output.Power=20
PCC.SUBGHZ.PowerAmplifier=High Power
PCC.SUBGHZ.RxBoosted=true
PCC.SUBGHZ.SMPS=On
PinOutPanel.RotationAngle=0
ProjectManager.AskForMigrate=true
ProjectManager.BackupPrevious=false
ProjectManager.CompilerOptimize=6
ProjectManager.ComputerToolchain=false
ProjectManager.CoupleFile=true
ProjectManager.CustomerFirmwarePackage=
ProjectManager.DefaultFWLocation=true
ProjectManager.DeletePrevious=true
ProjectManager.DeviceId=STM32WLE5CCUx
ProjectManager.FirmwarePackage=STM32Cube FW_WL V1.2.0
ProjectManager.FreePins=false
ProjectManager.HalAssertFull=false
ProjectManager.HeapSize=0x200
ProjectManager.KeepUserCode=true
ProjectManager.LastFirmware=true
ProjectManager.LibraryCopy=1
ProjectManager.MainLocation=Core/Src
ProjectManager.NoMain=false
ProjectManager.PreviousToolchain=
ProjectManager.ProjectBuild=false
ProjectManager.ProjectFileName=E77-433-Beacon.ioc
ProjectManager.ProjectName=E77-433-Beacon
ProjectManager.ProjectStructure=
ProjectManager.RegisterCallBack=
ProjectManager.StackSize=0x400
ProjectManager.TargetToolchain=STM32CubeIDE
ProjectManager.ToolChainLocation=
ProjectManager.UnderRoot=true
ProjectManager.functionlistsort=1-SystemClock_Config-RCC-false-HAL-false,2-MX_GPIO_Init-GPIO-false-HAL-true,3-MX_RTC_Init-RTC-true-HAL-true,4-MX_SUBGHZ_Init-SUBGHZ-true-HAL-false,5-MX_USART2_UART_Init-USART2-false-HAL-true,6-MX_SubGHz_Phy_Init-SUBGHZ_PHY-false-HAL-false,7-MX_SPI2_Init-SPI2-false-HAL-true,8-MX_I2C1_Init-I2C1-false-HAL-true,9-MX_TIM1_Init-TIM1-false-HAL-true,10-MX_TIM2_Init-TIM2-false-HAL-true,11-MX_TIM16_Init-TIM16-false-HAL-true,12-MX_TIM17_Init-TIM17-false-HAL-true,13-MX_ADC_Init-ADC-false-HAL-true,14-MX_LPTIM1_Init-LPTIM1-false-HAL-true
RCC.ADCFreq_Value=16000000
RCC.AHBFreq_Value=48000000
RCC.APB1Freq_Value=48000000
RCC.APB1TimFreq_Value=48000000
RCC.APB2Freq_Value=48000000
RCC.APB2TimFreq_Value=48000000
RCC.APB3Freq_Value=48000000
RCC.CortexFreq_Value=48000000
RCC.FCLKCortexFreq_Value=48000000
RCC.FamilyName=M
RCC.HCLK3Freq_Value=48000000
RCC.HCLKFreq_Value=48000000
RCC.HSE_VALUE=32000000
RCC.HSI_VALUE=16000000
RCC.I2C1Freq_Value=48000000
RCC.I2C2Freq_Value=48000000
RCC.I2C3Freq_Value=48000000
RCC.I2S2CLockSelection=RCC_I2S2CLKSOURCE_PLL
RCC.I2S2Freq_Value=16000000
RCC.IPParameters=ADCFreq_Value,AHBFreq_Value,APB1Freq_Value,APB1TimFreq_Value,APB2Freq_Value,APB2TimFreq_Value,APB3Freq_Value,CortexFreq_Value,FCLKCortexFreq_Value,FamilyName,HCLK3Freq_Value,HCLKFreq_Value,HSE_VALUE,HSI_VALUE,I2C1Freq_Value,I2C2Freq_Value,I2C3Freq_Value,I2S2CLockSelection,I2S2Freq_Value,LPTIM1CLockSelection,LPTIM1Freq_Value,LPTIM2Freq_Value,LPTIM3Freq_Value,LPUART1Freq_Value,LSCOPinFreq_Value,LSE_VALUE,MCO1PinFreq_Value,MSIClockRange,PLLM,PLLN,PLLPoutputFreq_Value,PLLQ,PLLQoutputFreq_Value,PLLRCLKFreq_Value,PLLSourceVirtual,PWRFreq_Value,RNGFreq_Value,RTCClockSelection,RTCFreq_Value,SYSCLKFreq_VALUE,SYSCLKSource,USART1Freq_Value,USART2Freq_Value,VCOInputFreq_Value,VCOOutputFreq_Value
RCC.LPTIM1CLockSelection=RCC_LPTIM1CLKSOURCE_LSE
RCC.LPTIM1Freq_Value=32768
RCC.LPTIM2Freq_Value=48000000
RCC.LPTIM3Freq_Value=48000000
RCC.LPUART1Freq_Value=48000000
RCC.LSCOPinFreq_Value=32000
RCC.LSE_VALUE=32768
RCC.MCO1PinFreq_Value=48000000
RCC.MSIClockRange=RCC_MSIRANGE_11
RCC.PLLM=RCC_PLLM_DIV2
RCC.PLLN=6
RCC.PLLPoutputFreq_Value=48000000
RCC.PLLQ=RCC_PLLQ_DIV6
RCC.PLLQoutputFreq_Value=16000000
RCC.PLLRCLKFreq_Value=48000000
RCC.PLLSourceVirtual=RCC_PLLSOURCE_HSE
RCC.PWRFreq_Value=48000000
RCC.RNGFreq_Value=32000
RCC.RTCClockSelection=RCC_RTCCLKSOURCE_LSE
RCC.RTCFreq_Value=32768
RCC.SYSCLKFreq_VALUE=48000000
RCC.SYSCLKSource=RCC_SYSCLKSOURCE_PLLCLK
RCC.USART1Freq_Value=48000000
RCC.USART2Freq_Value=48000000
RCC.VCOInputFreq_Value=16000000
RCC.VCOOutputFreq_Value=96000000
RTC.Alarm-Alarm\ A=RTC_ALARM_A
RTC.AsynchPrediv=RTC_PREDIV_A
RTC.BinMode=RTC_BINARY_ONLY
RTC.BinaryAutoClr_A-Alarm\ A=RTC_ALARMSUBSECONDBIN_AUTOCLR_NO
RTC.IPParameters=Alarm-Alarm A,BinMode,BinaryAutoClr_A-Alarm A,AsynchPrediv
SH.GPXTI0.0=GPIO_EXTI0
SH.GPXTI0.ConfNb=1
SH.GPXTI4.0=GPIO_EXTI4
SH.GPXTI4.ConfNb=1
SH.GPXTI5.0=GPIO_EXTI5
SH.GPXTI5.ConfNb=1
SH.GPXTI8.0=GPIO_EXTI8
SH.GPXTI8.ConfNb=1
SPI2.BaudRatePrescaler=SPI_BAUDRATEPRESCALER_8
SPI2.CalculateBaudRate=2.0 MBits/s
SPI2.DataSize=SPI_DATASIZE_8BIT
SPI2.Direction=SPI_DIRECTION_2LINES
SPI2.IPParameters=VirtualType,Mode,Direction,CalculateBaudRate,DataSize,BaudRatePrescaler
SPI2.Mode=SPI_MODE_MASTER
SPI2.VirtualType=VM_MASTER
SUBGHZ.BaudratePrescaler=SUBGHZSPI_BAUDRATEPRESCALER_4
SUBGHZ.IPParameters=BaudratePrescaler
SUBGHZ_PHY.Activate_RADIO_BOARD_INTERFACE=Bsp
SUBGHZ_PHY.IPParameters=Activate_RADIO_BOARD_INTERFACE,USE_RTC
SUBGHZ_PHY.USE_RTC=true
SubGHz_Phy.BSP.number=1
SubGHz_Phy0.BSP.STBoard=false
SubGHz_Phy0.BSP.api=Unknown
SubGHz_Phy0.BSP.component=
SubGHz_Phy0.BSP.condition=\!SEM_SUBGHZ_USER_APPLICATION | SEM_SUBGHZ_USE_RTC
SubGHz_Phy0.BSP.instance=RTC
SubGHz_Phy0.BSP.ip=RTC
SubGHz_Phy0.BSP.mode=RTC Enabled
SubGHz_Phy0.BSP.name=RTC
SubGHz_Phy0.BSP.semaphore=
SubGHz_Phy0.BSP.solution=RTC
TIM1.AutoReloadPreload=TIM_AUTORELOAD_PRELOAD_ENABLE
TIM1.IPParameters=Prescaler,RepetitionCounter,Period,AutoReloadPreload
TIM1.Period=49
TIM1.Prescaler=47999
TIM1.RepetitionCounter=0
TIM16.IPParameters=Prescaler,Period
TIM16.Period=9999
TIM16.Prescaler=47999
TIM17.IPParameters=Prescaler
TIM17.Prescaler=47999
TIM2.AutoReloadPreload=TIM_AUTORELOAD_PRELOAD_ENABLE
TIM2.IPParameters=Prescaler,Period,AutoReloadPreload
TIM2.Period=100
TIM2.Prescaler=4799
USART2.BaudRate=38400
USART2.DMADisableonRxErrorParam=ADVFEATURE_DMA_ENABLEONRXERROR
USART2.FIFOMode=FIFOMODE_DISABLE
USART2.IPParameters=VirtualMode-Asynchronous,FIFOMode,BaudRate,DMADisableonRxErrorParam
USART2.VirtualMode-Asynchronous=VM_ASYNC
VP_ADC_TempSens_Input.Mode=IN-TempSens
VP_ADC_TempSens_Input.Signal=ADC_TempSens_Input
VP_ADC_Vbat_Input.Mode=IN-Vbat
VP_ADC_Vbat_Input.Signal=ADC_Vbat_Input
VP_ADC_Vref_Input.Mode=IN-Vrefint
VP_ADC_Vref_Input.Signal=ADC_Vref_Input
VP_ADV_TRACE_VS_ADV_TRACE.Mode=ADV_TRACE_Enabled
VP_ADV_TRACE_VS_ADV_TRACE.Signal=ADV_TRACE_VS_ADV_TRACE
VP_IWDG_VS_IWDG.Mode=IWDG_Activate
VP_IWDG_VS_IWDG.Signal=IWDG_VS_IWDG
VP_LPTIM1_VS_LPTIM_counterModeInternalClock.Mode=Counts__internal_clock_event_00
VP_LPTIM1_VS_LPTIM_counterModeInternalClock.Signal=LPTIM1_VS_LPTIM_counterModeInternalClock
VP_MISC_VS_MISC.Mode=MISC_Enabled
VP_MISC_VS_MISC.Signal=MISC_VS_MISC
VP_RTC_VS_RTC_Activate.Mode=RTC_Enabled
VP_RTC_VS_RTC_Activate.Signal=RTC_VS_RTC_Activate
VP_RTC_VS_RTC_Alarm_A_Intern.Mode=Alarm A
VP_RTC_VS_RTC_Alarm_A_Intern.Signal=RTC_VS_RTC_Alarm_A_Intern
VP_RTC_VS_RTC_Calendar.Mode=RTC_Calendar
VP_RTC_VS_RTC_Calendar.Signal=RTC_VS_RTC_Calendar
VP_SEQUENCER_VS_SEQUENCER.Mode=SEQUENCER_Enabled
VP_SEQUENCER_VS_SEQUENCER.Signal=SEQUENCER_VS_SEQUENCER
VP_SUBGHZ_PHY_VS_SubGhzPhy.Mode=SubGhzPhy_Enabled
VP_SUBGHZ_PHY_VS_SubGhzPhy.Signal=SUBGHZ_PHY_VS_SubGhzPhy
VP_SUBGHZ_VS_SUBGHZ.Mode=SUBGHZ_Activate
VP_SUBGHZ_VS_SUBGHZ.Signal=SUBGHZ_VS_SUBGHZ
VP_SYS_VS_None.Mode=None
VP_SYS_VS_None.Signal=SYS_VS_None
VP_TIM16_VS_ClockSourceINT.Mode=Enable_Timer
VP_TIM16_VS_ClockSourceINT.Signal=TIM16_VS_ClockSourceINT
VP_TIM17_VS_ClockSourceINT.Mode=Enable_Timer
VP_TIM17_VS_ClockSourceINT.Signal=TIM17_VS_ClockSourceINT
VP_TIM1_VS_ClockSourceINT.Mode=Internal
VP_TIM1_VS_ClockSourceINT.Signal=TIM1_VS_ClockSourceINT
VP_TIM2_VS_ClockSourceINT.Mode=Internal
VP_TIM2_VS_ClockSourceINT.Signal=TIM2_VS_ClockSourceINT
VP_TIMER_VS_TIMER.Mode=TIMER_Enabled
VP_TIMER_VS_TIMER.Signal=TIMER_VS_TIMER
VP_TINY_LPM_VS_TINY_LPM.Mode=TINY_LPM_Enabled
VP_TINY_LPM_VS_TINY_LPM.Signal=TINY_LPM_VS_TINY_LPM
board=custom
isbadioc=false
