#MicroXplorer Configuration settings - do not modify
ADC.ClockPrescaler=ADC_CLOCK_SYNC_PCLK_DIV4
ADC.DMAContinuousRequests=ENABLE
ADC.EOCSelection=ADC_EOC_SEQ_CONV
ADC.IPParameters=NbrOfConversion,ClockPrescaler,SamplingTimeCommon1,SelectedChannel,EOCSelection,DMAContinuousRequests,Overrun,Sequencer
ADC.NbrOfConversion=1
ADC.Overrun=ADC_OVR_DATA_OVERWRITTEN
ADC.SamplingTimeCommon1=ADC_SAMPLETIME_160CYCLES_5
ADC.SelectedChannel=ADC_CHANNEL_11|ADC_CHANNEL_TEMPSENSOR|ADC_CHANNEL_VREFINT
ADC.Sequencer=NOT_FULLY_CONFIGURABLE
CAD.formats=
CAD.pinconfig=
CAD.provider=
Dma.ADC.0.Direction=DMA_PERIPH_TO_MEMORY
Dma.ADC.0.EventEnable=DISABLE
Dma.ADC.0.Instance=DMA1_Channel1
Dma.ADC.0.MemDataAlignment=DMA_MDATAALIGN_HALFWORD
Dma.ADC.0.MemInc=DMA_MINC_ENABLE
Dma.ADC.0.Mode=DMA_NORMAL
Dma.ADC.0.PeriphDataAlignment=DMA_PDATAALIGN_HALFWORD
Dma.ADC.0.PeriphInc=DMA_PINC_DISABLE
Dma.ADC.0.Polarity=HAL_DMAMUX_REQ_GEN_RISING
Dma.ADC.0.Priority=DMA_PRIORITY_LOW
Dma.ADC.0.RequestNumber=1
Dma.ADC.0.RequestParameters=Instance,Direction,PeriphInc,MemInc,PeriphDataAlignment,MemDataAlignment,Mode,Priority,SignalID,Polarity,RequestNumber,SyncSignalID,SyncPolarity,SyncEnable,EventEnable,SyncRequestNumber
Dma.ADC.0.SignalID=NONE
Dma.ADC.0.SyncEnable=DISABLE
Dma.ADC.0.SyncPolarity=HAL_DMAMUX_SYNC_NO_EVENT
Dma.ADC.0.SyncRequestNumber=1
Dma.ADC.0.SyncSignalID=NONE
Dma.Request0=ADC
Dma.RequestsNb=1
File.Version=6
GPIO.groupedBy=Group By Peripherals
KeepUserPlacement=false
Mcu.CPN=STM32WLE5CCU6
Mcu.Family=STM32WL
Mcu.IP0=ADC
Mcu.IP1=DMA
Mcu.IP10=TIM16
Mcu.IP11=TIM17
Mcu.IP12=USART2
Mcu.IP2=NVIC
Mcu.IP3=RCC
Mcu.IP4=RTC
Mcu.IP5=SPI2
Mcu.IP6=SUBGHZ
Mcu.IP7=SYS
Mcu.IP8=TIM1
Mcu.IP9=TIM2
Mcu.IPNb=13
Mcu.Name=STM32WLE5CCUx
Mcu.Package=UFQFPN48
Mcu.Pin0=PB3
Mcu.Pin1=PB4
Mcu.Pin10=PA6
Mcu.Pin11=PA7
Mcu.Pin12=PA8
Mcu.Pin13=PA9
Mcu.Pin14=OSC_IN
Mcu.Pin15=PB0-VDD_TCXO
Mcu.Pin16=PA10
Mcu.Pin17=PA11
Mcu.Pin18=PA12
Mcu.Pin19=PA13
Mcu.Pin2=PB5
Mcu.Pin20=PC13
Mcu.Pin21=PC14-OSC32_IN
Mcu.Pin22=PC15-OSC32_OUT
Mcu.Pin23=PA14
Mcu.Pin24=PA15
Mcu.Pin25=VP_ADC_TempSens_Input
Mcu.Pin26=VP_ADC_Vref_Input
Mcu.Pin27=VP_RTC_VS_RTC_Activate
Mcu.Pin28=VP_SUBGHZ_VS_SUBGHZ
Mcu.Pin29=VP_SYS_VS_Systick
Mcu.Pin3=PB8
Mcu.Pin30=VP_TIM1_VS_ClockSourceINT
Mcu.Pin31=VP_TIM2_VS_ClockSourceINT
Mcu.Pin32=VP_TIM16_VS_ClockSourceINT
Mcu.Pin33=VP_TIM17_VS_ClockSourceINT
Mcu.Pin4=PA0
Mcu.Pin5=PA1
Mcu.Pin6=PA2
Mcu.Pin7=PA3
Mcu.Pin8=PA4
Mcu.Pin9=PA5
Mcu.PinsNb=34
Mcu.ThirdPartyNb=0
Mcu.UserConstants=RTC_PREDIV_A,((1<<(15-RTC_N_PREDIV_S))-1);RTC_N_PREDIV_S,10;RTC_PREDIV_S,((1<<RTC_N_PREDIV_S)-1)
Mcu.UserName=STM32WLE5CCUx
MxCube.Version=6.8.0
MxDb.Version=DB.6.0.80
NVIC.BusFault_IRQn=true\:0\:0\:false\:false\:true\:false\:false\:false
NVIC.DMA1_Channel1_IRQn=true\:0\:0\:false\:false\:true\:false\:true\:true
NVIC.DebugMonitor_IRQn=true\:0\:0\:false\:false\:true\:false\:false\:false
NVIC.ForceEnableDMAVector=true
NVIC.HardFault_IRQn=true\:0\:0\:false\:false\:true\:false\:false\:false
NVIC.MemoryManagement_IRQn=true\:0\:0\:false\:false\:true\:false\:false\:false
NVIC.NonMaskableInt_IRQn=true\:0\:0\:false\:false\:true\:false\:false\:false
NVIC.PendSV_IRQn=true\:0\:0\:false\:false\:true\:false\:false\:false
NVIC.PriorityGroup=NVIC_PRIORITYGROUP_4
NVIC.SUBGHZ_Radio_IRQn=true\:0\:0\:false\:false\:true\:true\:true\:true
NVIC.SVCall_IRQn=true\:0\:0\:false\:false\:true\:false\:false\:false
NVIC.SysTick_IRQn=true\:0\:0\:true\:false\:true\:false\:true\:false
NVIC.UsageFault_IRQn=true\:0\:0\:false\:false\:true\:false\:false\:false
OSC_IN.Mode=HSE-TCXO
OSC_IN.Signal=RCC_OSC_IN
PA0.GPIOParameters=GPIO_PuPd,GPIO_Label,GPIO_ModeDefaultEXTI
PA0.GPIO_Label=BTN_1
PA0.GPIO_ModeDefaultEXTI=GPIO_MODE_IT_FALLING
PA0.GPIO_PuPd=GPIO_PULLUP
PA0.Locked=true
PA0.Signal=GPXTI0
PA1.GPIOParameters=GPIO_PuPd,GPIO_Label,GPIO_ModeDefaultEXTI
PA1.GPIO_Label=BTN_2
PA1.GPIO_ModeDefaultEXTI=GPIO_MODE_IT_FALLING
PA1.GPIO_PuPd=GPIO_PULLUP
PA1.Locked=true
PA1.Signal=GPXTI1
PA10.GPIOParameters=GPIO_Speed
PA10.GPIO_Speed=GPIO_SPEED_FREQ_VERY_HIGH
PA10.Locked=true
PA10.Mode=TX_Only_Simplex_Unidirect_Master
PA10.Signal=SPI2_MOSI
PA11.GPIOParameters=GPIO_Speed,GPIO_Label
PA11.GPIO_Label=DC
PA11.GPIO_Speed=GPIO_SPEED_FREQ_LOW
PA11.Locked=true
PA11.Signal=GPIO_Output
PA12.GPIOParameters=GPIO_Speed,GPIO_Label
PA12.GPIO_Label=RST
PA12.GPIO_Speed=GPIO_SPEED_FREQ_LOW
PA12.Locked=true
PA12.Signal=GPIO_Output
PA13.Locked=true
PA13.Signal=DEBUG_JTMS-SWDIO
PA14.Locked=true
PA14.Signal=DEBUG_JTCK-SWCLK
PA15.GPIOParameters=GPIO_Label
PA15.GPIO_Label=BATT
PA15.Locked=true
PA15.Mode=IN11
PA15.Signal=ADC_IN11
PA2.GPIOParameters=GPIO_Speed,GPIO_PuPd
PA2.GPIO_PuPd=GPIO_PULLUP
PA2.GPIO_Speed=GPIO_SPEED_FREQ_LOW
PA2.Mode=Asynchronous
PA2.Signal=USART2_TX
PA3.GPIOParameters=GPIO_Speed,GPIO_PuPd
PA3.GPIO_PuPd=GPIO_PULLUP
PA3.GPIO_Speed=GPIO_SPEED_FREQ_LOW
PA3.Mode=Asynchronous
PA3.Signal=USART2_RX
PA4.GPIOParameters=GPIO_PuPd,GPIO_Label,GPIO_ModeDefaultEXTI
PA4.GPIO_Label=PPS
PA4.GPIO_ModeDefaultEXTI=GPIO_MODE_IT_RISING
PA4.GPIO_PuPd=GPIO_PULLDOWN
PA4.Locked=true
PA4.Signal=GPXTI4
PA5.GPIOParameters=GPIO_PuPd,GPIO_Label,GPIO_ModeDefaultEXTI
PA5.GPIO_Label=BTN_3
PA5.GPIO_ModeDefaultEXTI=GPIO_MODE_IT_FALLING
PA5.GPIO_PuPd=GPIO_PULLUP
PA5.Locked=true
PA5.Signal=GPXTI5
PA6.GPIOParameters=GPIO_Speed,GPIO_Label
PA6.GPIO_Label=RF_CTRL1
PA6.GPIO_Speed=GPIO_SPEED_FREQ_VERY_HIGH
PA6.Locked=true
PA6.Signal=GPIO_Output
PA7.GPIOParameters=GPIO_Speed,GPIO_Label
PA7.GPIO_Label=RF_CTRL2
PA7.GPIO_Speed=GPIO_SPEED_FREQ_VERY_HIGH
PA7.Locked=true
PA7.Signal=GPIO_Output
PA8.GPIOParameters=GPIO_Speed
PA8.GPIO_Speed=GPIO_SPEED_FREQ_VERY_HIGH
PA8.Locked=true
PA8.Mode=TX_Only_Simplex_Unidirect_Master
PA8.Signal=SPI2_SCK
PA9.GPIOParameters=GPIO_Speed,GPIO_Label
PA9.GPIO_Label=CS
PA9.GPIO_Speed=GPIO_SPEED_FREQ_LOW
PA9.Locked=true
PA9.Signal=GPIO_Output
PB0-VDD_TCXO.Mode=HSE-TCXO
PB0-VDD_TCXO.Signal=VDDTCXO
PB3.GPIOParameters=GPIO_Speed,PinState,GPIO_PuPd,GPIO_Label,GPIO_ModeDefaultOutputPP
PB3.GPIO_Label=LED_R
PB3.GPIO_ModeDefaultOutputPP=GPIO_MODE_OUTPUT_OD
PB3.GPIO_PuPd=GPIO_PULLUP
PB3.GPIO_Speed=GPIO_SPEED_FREQ_LOW
PB3.Locked=true
PB3.PinState=GPIO_PIN_RESET
PB3.Signal=GPIO_Output
PB4.GPIOParameters=PinState,GPIO_PuPd,GPIO_Label,GPIO_ModeDefaultOutputPP
PB4.GPIO_Label=LED_B
PB4.GPIO_ModeDefaultOutputPP=GPIO_MODE_OUTPUT_OD
PB4.GPIO_PuPd=GPIO_PULLUP
PB4.Locked=true
PB4.PinState=GPIO_PIN_RESET
PB4.Signal=GPIO_Output
PB5.GPIOParameters=GPIO_Speed,PinState,GPIO_PuPd,GPIO_Label,GPIO_ModeDefaultOutputPP
PB5.GPIO_Label=LED_W
PB5.GPIO_ModeDefaultOutputPP=GPIO_MODE_OUTPUT_PP
PB5.GPIO_PuPd=GPIO_NOPULL
PB5.GPIO_Speed=GPIO_SPEED_FREQ_LOW
PB5.Locked=true
PB5.PinState=GPIO_PIN_RESET
PB5.Signal=GPIO_Output
PB8.GPIOParameters=PinState,GPIO_PuPd,GPIO_Label,GPIO_ModeDefaultOutputPP
PB8.GPIO_Label=GPS_EN
PB8.GPIO_ModeDefaultOutputPP=GPIO_MODE_OUTPUT_OD
PB8.GPIO_PuPd=GPIO_PULLUP
PB8.Locked=true
PB8.PinState=GPIO_PIN_SET
PB8.Signal=GPIO_Output
PC13.GPIOParameters=PinState,GPIO_PuPd,GPIO_Label,GPIO_ModeDefaultOutputPP
PC13.GPIO_Label=HOLD
PC13.GPIO_ModeDefaultOutputPP=GPIO_MODE_OUTPUT_PP
PC13.GPIO_PuPd=GPIO_NOPULL
PC13.Locked=true
PC13.PinState=GPIO_PIN_RESET
PC13.Signal=GPIO_Output
PC14-OSC32_IN.Mode=LSE-External-Oscillator
PC14-OSC32_IN.Signal=RCC_OSC32_IN
PC15-OSC32_OUT.Mode=LSE-External-Oscillator
PC15-OSC32_OUT.Signal=RCC_OSC32_OUT
PCC.SUBGHZ.FrequencyBand=High
PCC.SUBGHZ.Modulation=LORA
PCC.SUBGHZ.OptionalSettings=true
PCC.SUBGHZ.Output.Power=20
PCC.SUBGHZ.PowerAmplifier=High Power
PCC.SUBGHZ.RxBoosted=true
PCC.SUBGHZ.SMPS=On
PinOutPanel.RotationAngle=0
ProjectManager.AskForMigrate=true
ProjectManager.BackupPrevious=false
ProjectManager.CompilerOptimize=6
ProjectManager.ComputerToolchain=false
ProjectManager.CoupleFile=true
ProjectManager.CustomerFirmwarePackage=
ProjectManager.DefaultFWLocation=true
ProjectManager.DeletePrevious=true
ProjectManager.DeviceId=STM32WLE5CCUx
ProjectManager.FirmwarePackage=STM32Cube FW_WL V1.3.0
ProjectManager.FreePins=false
ProjectManager.HalAssertFull=false
ProjectManager.HeapSize=0x200
ProjectManager.KeepUserCode=true
ProjectManager.LastFirmware=true
ProjectManager.LibraryCopy=1
ProjectManager.MainLocation=Core/Src
ProjectManager.NoMain=false
ProjectManager.PreviousToolchain=
ProjectManager.ProjectBuild=false
ProjectManager.ProjectFileName=E77-433-beacon.ioc
ProjectManager.ProjectName=E77-433-beacon
ProjectManager.ProjectStructure=
ProjectManager.RegisterCallBack=
ProjectManager.StackSize=0x400
ProjectManager.TargetToolchain=STM32CubeIDE
ProjectManager.ToolChainLocation=
ProjectManager.UnderRoot=true
ProjectManager.functionlistsort=1-SystemClock_Config-RCC-false-HAL-false,2-MX_GPIO_Init-GPIO-false-HAL-true,3-MX_DMA_Init-DMA-false-HAL-true,4-MX_RTC_Init-RTC-true-HAL-true,5-MX_USART2_UART_Init-USART2-false-HAL-true,6-MX_SPI2_Init-SPI2-false-HAL-true,7-MX_TIM1_Init-TIM1-false-HAL-true,8-MX_TIM2_Init-TIM2-false-HAL-true,9-MX_TIM16_Init-TIM16-false-HAL-true,10-MX_TIM17_Init-TIM17-false-HAL-true,11-MX_ADC_Init-ADC-false-HAL-true,12-MX_LPTIM1_Init-LPTIM1-false-HAL-true,13-MX_SUBGHZ_Init-SUBGHZ-false-HAL-true
RCC.ADCFreq_Value=16000000
RCC.AHBFreq_Value=48000000
RCC.APB1Freq_Value=48000000
RCC.APB1TimFreq_Value=48000000
RCC.APB2Freq_Value=48000000
RCC.APB2TimFreq_Value=48000000
RCC.APB3Freq_Value=48000000
RCC.CortexFreq_Value=48000000
RCC.FCLKCortexFreq_Value=48000000
RCC.FamilyName=M
RCC.HCLK3Freq_Value=48000000
RCC.HCLKFreq_Value=48000000
RCC.HSE_VALUE=32000000
RCC.HSI_VALUE=16000000
RCC.I2C1Freq_Value=48000000
RCC.I2C2Freq_Value=48000000
RCC.I2C3Freq_Value=48000000
RCC.I2S2CLockSelection=RCC_I2S2CLKSOURCE_PLL
RCC.I2S2Freq_Value=48000000
RCC.IPParameters=ADCFreq_Value,AHBFreq_Value,APB1Freq_Value,APB1TimFreq_Value,APB2Freq_Value,APB2TimFreq_Value,APB3Freq_Value,CortexFreq_Value,FCLKCortexFreq_Value,FamilyName,HCLK3Freq_Value,HCLKFreq_Value,HSE_VALUE,HSI_VALUE,I2C1Freq_Value,I2C2Freq_Value,I2C3Freq_Value,I2S2CLockSelection,I2S2Freq_Value,LPTIM1CLockSelection,LPTIM1Freq_Value,LPTIM2Freq_Value,LPTIM3Freq_Value,LPUART1Freq_Value,LSCOPinFreq_Value,LSE_VALUE,MCO1PinFreq_Value,MSIClockRange,PLLM,PLLN,PLLPoutputFreq_Value,PLLQoutputFreq_Value,PLLRCLKFreq_Value,PLLSourceVirtual,PWRFreq_Value,RNGFreq_Value,RTCClockSelection,RTCFreq_Value,SYSCLKFreq_VALUE,SYSCLKSource,USART1Freq_Value,USART2Freq_Value,VCOInputFreq_Value,VCOOutputFreq_Value
RCC.LPTIM1CLockSelection=RCC_LPTIM1CLKSOURCE_LSE
RCC.LPTIM1Freq_Value=32768
RCC.LPTIM2Freq_Value=48000000
RCC.LPTIM3Freq_Value=48000000
RCC.LPUART1Freq_Value=48000000
RCC.LSCOPinFreq_Value=32000
RCC.LSE_VALUE=32768
RCC.MCO1PinFreq_Value=48000000
RCC.MSIClockRange=RCC_MSIRANGE_11
RCC.PLLM=RCC_PLLM_DIV2
RCC.PLLN=6
RCC.PLLPoutputFreq_Value=48000000
RCC.PLLQoutputFreq_Value=48000000
RCC.PLLRCLKFreq_Value=48000000
RCC.PLLSourceVirtual=RCC_PLLSOURCE_HSE
RCC.PWRFreq_Value=48000000
RCC.RNGFreq_Value=32000
RCC.RTCClockSelection=RCC_RTCCLKSOURCE_LSE
RCC.RTCFreq_Value=32768
RCC.SYSCLKFreq_VALUE=48000000
RCC.SYSCLKSource=RCC_SYSCLKSOURCE_PLLCLK
RCC.USART1Freq_Value=48000000
RCC.USART2Freq_Value=48000000
RCC.VCOInputFreq_Value=16000000
RCC.VCOOutputFreq_Value=96000000
SH.GPXTI0.0=GPIO_EXTI0
SH.GPXTI0.ConfNb=1
SH.GPXTI1.0=GPIO_EXTI1
SH.GPXTI1.ConfNb=1
SH.GPXTI4.0=GPIO_EXTI4
SH.GPXTI4.ConfNb=1
SH.GPXTI5.0=GPIO_EXTI5
SH.GPXTI5.ConfNb=1
SPI2.BaudRatePrescaler=SPI_BAUDRATEPRESCALER_8
SPI2.CLKPhase=SPI_PHASE_1EDGE
SPI2.CLKPolarity=SPI_POLARITY_LOW
SPI2.CalculateBaudRate=6.0 MBits/s
SPI2.DataSize=SPI_DATASIZE_8BIT
SPI2.Direction=SPI_DIRECTION_2LINES
SPI2.IPParameters=VirtualType,Mode,Direction,CalculateBaudRate,DataSize,BaudRatePrescaler,CLKPhase,CLKPolarity,NSSPMode
SPI2.Mode=SPI_MODE_MASTER
SPI2.NSSPMode=SPI_NSS_PULSE_DISABLE
SPI2.VirtualType=VM_MASTER
SUBGHZ.BaudratePrescaler=SUBGHZSPI_BAUDRATEPRESCALER_4
SUBGHZ.IPParameters=BaudratePrescaler
TIM1.AutoReloadPreload=TIM_AUTORELOAD_PRELOAD_ENABLE
TIM1.IPParameters=Prescaler,RepetitionCounter,Period,AutoReloadPreload
TIM1.Period=49
TIM1.Prescaler=47999
TIM1.RepetitionCounter=0
TIM16.IPParameters=Prescaler,Period
TIM16.Period=9999
TIM16.Prescaler=47999
TIM17.IPParameters=Prescaler,Period
TIM17.Period=9999
TIM17.Prescaler=47999
TIM2.AutoReloadPreload=TIM_AUTORELOAD_PRELOAD_ENABLE
TIM2.IPParameters=Prescaler,Period,AutoReloadPreload
TIM2.Period=99
TIM2.Prescaler=4799
USART2.BaudRate=38400
USART2.DMADisableonRxErrorParam=ADVFEATURE_DMA_ENABLEONRXERROR
USART2.FIFOMode=FIFOMODE_DISABLE
USART2.IPParameters=VirtualMode-Asynchronous,FIFOMode,BaudRate,DMADisableonRxErrorParam
USART2.VirtualMode-Asynchronous=VM_ASYNC
VP_ADC_TempSens_Input.Mode=IN-TempSens
VP_ADC_TempSens_Input.Signal=ADC_TempSens_Input
VP_ADC_Vref_Input.Mode=IN-Vrefint
VP_ADC_Vref_Input.Signal=ADC_Vref_Input
VP_RTC_VS_RTC_Activate.Mode=RTC_Enabled
VP_RTC_VS_RTC_Activate.Signal=RTC_VS_RTC_Activate
VP_SUBGHZ_VS_SUBGHZ.Mode=SUBGHZ_Activate
VP_SUBGHZ_VS_SUBGHZ.Signal=SUBGHZ_VS_SUBGHZ
VP_SYS_VS_Systick.Mode=SysTick
VP_SYS_VS_Systick.Signal=SYS_VS_Systick
VP_TIM16_VS_ClockSourceINT.Mode=Enable_Timer
VP_TIM16_VS_ClockSourceINT.Signal=TIM16_VS_ClockSourceINT
VP_TIM17_VS_ClockSourceINT.Mode=Enable_Timer
VP_TIM17_VS_ClockSourceINT.Signal=TIM17_VS_ClockSourceINT
VP_TIM1_VS_ClockSourceINT.Mode=Internal
VP_TIM1_VS_ClockSourceINT.Signal=TIM1_VS_ClockSourceINT
VP_TIM2_VS_ClockSourceINT.Mode=Internal
VP_TIM2_VS_ClockSourceINT.Signal=TIM2_VS_ClockSourceINT
board=custom
isbadioc=false
